<?xml version="1.0" encoding="utf-8"?>
<Project ToolsVersion="4.0" xmlns="http://schemas.microsoft.com/developer/msbuild/2003">
  <ItemGroup>
    <Filter Include="Common">
      <UniqueIdentifier>{eebf3f99-5ed3-479b-a867-46a94fcac16b}</UniqueIdentifier>
    </Filter>
    <Filter Include="Interface">
      <UniqueIdentifier>{b3c06f53-c377-453f-8c03-8fbac0a60b41}</UniqueIdentifier>
    </Filter>
    <Filter Include="Empty">
      <UniqueIdentifier>{6906c0a0-8d64-4e20-b008-e9f9c1d54531}</UniqueIdentifier>
    </Filter>
  </ItemGroup>
  <ItemGroup>
    <ClCompile Include="main.cpp" />
    <ClCompile Include="Common\BaseApplication.cpp">
      <Filter>Common</Filter>
    </ClCompile>
    <ClCompile Include="Empty\EmptyApplication.cpp">
      <Filter>Empty</Filter>
    </ClCompile>
  </ItemGroup>
  <ItemGroup>
    <ClInclude Include="Interface\IApplication.h">
      <Filter>Interface</Filter>
    </ClInclude>
    <ClInclude Include="Interface\Interface.h">
      <Filter>Interface</Filter>
    </ClInclude>
    <ClInclude Include="Interface\IRuntimeModule.h">
      <Filter>Interface</Filter>
    </ClInclude>
    <ClInclude Include="Common\BaseApplication.h">
      <Filter>Common</Filter>
    </ClInclude>
  </ItemGroup>
</Project>